PODS:
  - Alamofire (4.5.1)
  - AnimatableReload (0.1.0)
  - KDLoadingView (1.0.4)
  - ModelMapper (7.2.0)
  - Moya (9.0.0):
    - Moya/Core (= 9.0.0)
  - Moya-ModelMapper (5.0.0):
    - Moya-ModelMapper/Core (= 5.0.0)
  - Moya-ModelMapper/Core (5.0.0):
    - ModelMapper
    - Moya (~> 9.0.0)
  - Moya/Core (9.0.0):
    - Alamofire (~> 4.1)
    - Result (~> 3.0)
  - Realm (3.0.0):
    - Realm/Headers (= 3.0.0)
  - Realm/Headers (3.0.0)
  - RealmSwift (3.0.0):
    - Realm (= 3.0.0)
  - Result (3.2.4)
  - ReSwift (4.0.0)
  - Starscream (3.0.2)
  - Whisper (5.1.0)

DEPENDENCIES:
  - Alamofire (~> 4.4)
  - AnimatableReload
  - KDLoadingView (~> 1.0.0)
  - Moya (~> 9.0)
  - Moya-ModelMapper (= 5.0)
  - RealmSwift
  - ReSwift
  - Starscream (~> 3.0.2)
  - Whisper

SPEC CHECKSUMS:
  Alamofire: 2d95912bf4c34f164fdfc335872e8c312acaea4a
  AnimatableReload: dcef76a16258b82bf845225012aa8f3b1aa7df6c
  KDLoadingView: fcb015daf91c245f0a212fd52b8061621f421dfe
  ModelMapper: bef729f9c7095cadffc3c2ef9432fc5e21d8fc60
  Moya: cf5e6ee93af526532f92614004b8ad2ea60fd845
  Moya-ModelMapper: fc14d8c7d6466f11aea83e785c7f2c4c521fead6
  Realm: dec0de73be8c57506e39db72694d513c189493b3
  RealmSwift: 44a7090b16d1b22a406c6bf129bdd602db1bbecc
  Result: d2d07204ce72856f1fd9130bbe42c35a7b0fea10
  ReSwift: f058ef13b46ae5f463f10605ccbbb7fb04424d8d
  Starscream: b512c62f6706421221b5ceb2ba01a9f58aca5bea
  Whisper: 62e406a71a288476e605a4db06de8c6975bbb350

PODFILE CHECKSUM: a27a5cec06f2b58c13f171b55a417bcb97c4fdfa

COCOAPODS: 1.2.1.rc.1
