// !$*UTF8*$!
{
	archiveVersion = 1;
	classes = {
	};
	objectVersion = 46;
	objects = {

/* Begin PBXBuildFile section */
		021B230F1F85585F00285E4A /* FilesTableViewController.swift in Sources */ = {isa = PBXBuildFile; fileRef = 021B230E1F85585F00285E4A /* FilesTableViewController.swift */; };
		022CF0591F460129007EEF1C /* UsersTableViewController.swift in Sources */ = {isa = PBXBuildFile; fileRef = 022CF0581F460129007EEF1C /* UsersTableViewController.swift */; };
		023611021F7EC24C009D2294 /* EnterpriseNavBar.swift in Sources */ = {isa = PBXBuildFile; fileRef = 023611011F7EC24C009D2294 /* EnterpriseNavBar.swift */; };
		0238D2CE1F745D180009B1F0 /* UIImageView.swift in Sources */ = {isa = PBXBuildFile; fileRef = 0238D2CC1F745D180009B1F0 /* UIImageView.swift */; };
		0238D2CF1F745D180009B1F0 /* loadingView.swift in Sources */ = {isa = PBXBuildFile; fileRef = 0238D2CD1F745D180009B1F0 /* loadingView.swift */; };
		0238D2D31F745D550009B1F0 /* firefly2.gif in Resources */ = {isa = PBXBuildFile; fileRef = 0238D2D21F745D550009B1F0 /* firefly2.gif */; };
		0243F3621F75D96500F85F8D /* titleNavBarView.swift in Sources */ = {isa = PBXBuildFile; fileRef = 0243F3611F75D96500F85F8D /* titleNavBarView.swift */; };
		0243F3641F75E73C00F85F8D /* weeksView.swift in Sources */ = {isa = PBXBuildFile; fileRef = 0243F3631F75E73C00F85F8D /* weeksView.swift */; };
		024CAFF01F8D3A63008D2922 /* weekState.swift in Sources */ = {isa = PBXBuildFile; fileRef = 024CAFEF1F8D3A63008D2922 /* weekState.swift */; };
		024CAFF41F8D4200008D2922 /* WeekReducer.swift in Sources */ = {isa = PBXBuildFile; fileRef = 024CAFF31F8D4200008D2922 /* WeekReducer.swift */; };
		025EB9861F34F43F0075611F /* AppDelegate.swift in Sources */ = {isa = PBXBuildFile; fileRef = 025EB9851F34F43F0075611F /* AppDelegate.swift */; };
		025EB9881F34F43F0075611F /* ViewController.swift in Sources */ = {isa = PBXBuildFile; fileRef = 025EB9871F34F43F0075611F /* ViewController.swift */; };
		025EB98B1F34F43F0075611F /* Main.storyboard in Resources */ = {isa = PBXBuildFile; fileRef = 025EB9891F34F43F0075611F /* Main.storyboard */; };
		025EB98D1F34F43F0075611F /* Assets.xcassets in Resources */ = {isa = PBXBuildFile; fileRef = 025EB98C1F34F43F0075611F /* Assets.xcassets */; };
		025EB9901F34F43F0075611F /* LaunchScreen.storyboard in Resources */ = {isa = PBXBuildFile; fileRef = 025EB98E1F34F43F0075611F /* LaunchScreen.storyboard */; };
		025EB99B1F34F9020075611F /* AppState.swift in Sources */ = {isa = PBXBuildFile; fileRef = 025EB99A1F34F9020075611F /* AppState.swift */; };
		025EB99E1F34FB100075611F /* User.swift in Sources */ = {isa = PBXBuildFile; fileRef = 025EB99D1F34FB100075611F /* User.swift */; };
		025EB9A01F34FBF10075611F /* AppReducer.swift in Sources */ = {isa = PBXBuildFile; fileRef = 025EB99F1F34FBF10075611F /* AppReducer.swift */; };
		025EB9A21F34FC4D0075611F /* UserActions.swift in Sources */ = {isa = PBXBuildFile; fileRef = 025EB9A11F34FC4D0075611F /* UserActions.swift */; };
		025EB9A41F34FC660075611F /* UserReducer.swift in Sources */ = {isa = PBXBuildFile; fileRef = 025EB9A31F34FC660075611F /* UserReducer.swift */; };
		025EB9A61F34FCC60075611F /* UserSatate.swift in Sources */ = {isa = PBXBuildFile; fileRef = 025EB9A51F34FCC60075611F /* UserSatate.swift */; };
		025EB9AA1F3507590075611F /* WeeksTableViewController.swift in Sources */ = {isa = PBXBuildFile; fileRef = 025EB9A91F3507590075611F /* WeeksTableViewController.swift */; };
		025EB9AC1F350A730075611F /* Business.swift in Sources */ = {isa = PBXBuildFile; fileRef = 025EB9AB1F350A730075611F /* Business.swift */; };
		025EB9AE1F35464F0075611F /* Constants.swift in Sources */ = {isa = PBXBuildFile; fileRef = 025EB9AD1F35464F0075611F /* Constants.swift */; };
		025EB9B01F354B740075611F /* UserService.swift in Sources */ = {isa = PBXBuildFile; fileRef = 025EB9AF1F354B740075611F /* UserService.swift */; };
		0271D4171F69CA4800727F28 /* UIImage.swift in Sources */ = {isa = PBXBuildFile; fileRef = 0271D4161F69CA4800727F28 /* UIImage.swift */; };
		0272A3731F4E4BFB008D3287 /* EnterpriseCollectionViewController.swift in Sources */ = {isa = PBXBuildFile; fileRef = 0272A3721F4E4BFB008D3287 /* EnterpriseCollectionViewController.swift */; };
		0272A3751F4E5BC1008D3287 /* EnterpriseCollectionViewCell.swift in Sources */ = {isa = PBXBuildFile; fileRef = 0272A3741F4E5BC1008D3287 /* EnterpriseCollectionViewCell.swift */; };
		0279A4B61F4F55970085030D /* ResponsableTableViewController.swift in Sources */ = {isa = PBXBuildFile; fileRef = 0279A4B51F4F55970085030D /* ResponsableTableViewController.swift */; };
		0279A4BC1F4F83620085030D /* AnexosTableViewController.swift in Sources */ = {isa = PBXBuildFile; fileRef = 0279A4BB1F4F83620085030D /* AnexosTableViewController.swift */; };
		0279A4BE1F4F84700085030D /* ChildTableViewCell.swift in Sources */ = {isa = PBXBuildFile; fileRef = 0279A4BD1F4F84700085030D /* ChildTableViewCell.swift */; };
		027D911A1F3907A8007AB6D2 /* AuthService.swift in Sources */ = {isa = PBXBuildFile; fileRef = 027D91191F3907A8007AB6D2 /* AuthService.swift */; };
		027D911E1F393D37007AB6D2 /* ProfileViewController.swift in Sources */ = {isa = PBXBuildFile; fileRef = 027D911D1F393D37007AB6D2 /* ProfileViewController.swift */; };
		027FE2261F3CF151005C6FF8 /* Report.swift in Sources */ = {isa = PBXBuildFile; fileRef = 027FE2251F3CF151005C6FF8 /* Report.swift */; };
		027FE2281F3CFB54005C6FF8 /* RerpotService.swift in Sources */ = {isa = PBXBuildFile; fileRef = 027FE2271F3CFB54005C6FF8 /* RerpotService.swift */; };
		0280EF2C1F86B932003247F5 /* DesignableView.swift in Sources */ = {isa = PBXBuildFile; fileRef = 0280EF2B1F86B932003247F5 /* DesignableView.swift */; };
		0280EF2E1F86BB2C003247F5 /* DetailsContentViewController.swift in Sources */ = {isa = PBXBuildFile; fileRef = 0280EF2D1F86BB2C003247F5 /* DetailsContentViewController.swift */; };
		028E9FF01F880DF900ABE342 /* CloudKit.framework in Frameworks */ = {isa = PBXBuildFile; fileRef = 028E9FEF1F880DF900ABE342 /* CloudKit.framework */; };
		02991C871F7ADD84006148EF /* Persmission.swift in Sources */ = {isa = PBXBuildFile; fileRef = 02991C861F7ADD84006148EF /* Persmission.swift */; };
		02A3A4711F3A1D6F0048750E /* UIVIew.swift in Sources */ = {isa = PBXBuildFile; fileRef = 02A3A4701F3A1D6F0048750E /* UIVIew.swift */; };
		02A3A4731F3A22450048750E /* UIViewcontroller.swift in Sources */ = {isa = PBXBuildFile; fileRef = 02A3A4721F3A22450048750E /* UIViewcontroller.swift */; };
		02A3A4761F3A354D0048750E /* pirulen rg.ttf in Resources */ = {isa = PBXBuildFile; fileRef = 02A3A4751F3A2D1F0048750E /* pirulen rg.ttf */; };
		02A3A47A1F3A53C20048750E /* BusinessState.swift in Sources */ = {isa = PBXBuildFile; fileRef = 02A3A4791F3A53C20048750E /* BusinessState.swift */; };
		02A3A47C1F3A54260048750E /* BusinessActions.swift in Sources */ = {isa = PBXBuildFile; fileRef = 02A3A47B1F3A54260048750E /* BusinessActions.swift */; };
		02A3A47E1F3A55C60048750E /* BusinessReducer.swift in Sources */ = {isa = PBXBuildFile; fileRef = 02A3A47D1F3A55C60048750E /* BusinessReducer.swift */; };
		02A3A4801F3A56B00048750E /* EnterprisesService.swift in Sources */ = {isa = PBXBuildFile; fileRef = 02A3A47F1F3A56B00048750E /* EnterprisesService.swift */; };
		02AB81BB1F7066300081FE5E /* RerportTableViewCell.swift in Sources */ = {isa = PBXBuildFile; fileRef = 02AB81BA1F7066300081FE5E /* RerportTableViewCell.swift */; };
		02B5A21C1F670E07001CD113 /* preHomeCollectionViewCell.swift in Sources */ = {isa = PBXBuildFile; fileRef = 02B5A21B1F670E07001CD113 /* preHomeCollectionViewCell.swift */; };
		02B5A2211F672599001CD113 /* AllReportsTableViewController.swift in Sources */ = {isa = PBXBuildFile; fileRef = 02B5A2201F672599001CD113 /* AllReportsTableViewController.swift */; };
		02B5A2231F672D86001CD113 /* ResponsableTableViewCell.swift in Sources */ = {isa = PBXBuildFile; fileRef = 02B5A2221F672D86001CD113 /* ResponsableTableViewCell.swift */; };
		02B974D21F465E2500884A82 /* File.swift in Sources */ = {isa = PBXBuildFile; fileRef = 02B974D11F465E2500884A82 /* File.swift */; };
		02B974D41F4660F900884A82 /* FileViewViewController.swift in Sources */ = {isa = PBXBuildFile; fileRef = 02B974D31F4660F900884A82 /* FileViewViewController.swift */; };
		02BE44C41F8E86CF002D3578 /* String.swift in Sources */ = {isa = PBXBuildFile; fileRef = 02BE44C31F8E86CF002D3578 /* String.swift */; };
		02BE44C91F8E9B61002D3578 /* LibraryViewController.swift in Sources */ = {isa = PBXBuildFile; fileRef = 02BE44C81F8E9B61002D3578 /* LibraryViewController.swift */; };
		02C0582E1F82AF1D0022186A /* EnterpriseHeader.swift in Sources */ = {isa = PBXBuildFile; fileRef = 02C0582D1F82AF1D0022186A /* EnterpriseHeader.swift */; };
		02C058321F82B0E10022186A /* EnterpriseHeader.xib in Resources */ = {isa = PBXBuildFile; fileRef = 02C058311F82B0E10022186A /* EnterpriseHeader.xib */; };
		02C058341F82CD050022186A /* TitleView.xib in Resources */ = {isa = PBXBuildFile; fileRef = 02C058331F82CD050022186A /* TitleView.xib */; };
		02C058361F82CD770022186A /* TitleHeader.swift in Sources */ = {isa = PBXBuildFile; fileRef = 02C058351F82CD770022186A /* TitleHeader.swift */; };
		02CD44D21F7198AD00F36987 /* RoutingSvc.swift in Sources */ = {isa = PBXBuildFile; fileRef = 02CD44D11F7198AD00F36987 /* RoutingSvc.swift */; };
		02D4AE191F71E13300623406 /* EnterprisesTableViewController.swift in Sources */ = {isa = PBXBuildFile; fileRef = 02D4AE181F71E13300623406 /* EnterprisesTableViewController.swift */; };
		02D4AE1B1F71F48700623406 /* SearchFooter.swift in Sources */ = {isa = PBXBuildFile; fileRef = 02D4AE1A1F71F48700623406 /* SearchFooter.swift */; };
		02DAC0A21F4D02950063B08F /* EnterpriseViewViewController.swift in Sources */ = {isa = PBXBuildFile; fileRef = 02DAC0A11F4D02950063B08F /* EnterpriseViewViewController.swift */; };
		02DD8D311F3E1CBE00896850 /* UINavigationBar.swift in Sources */ = {isa = PBXBuildFile; fileRef = 02DD8D301F3E1CBE00896850 /* UINavigationBar.swift */; };
		02E0EFB81F43C5CC00CE405A /* PreHomeViewController.swift in Sources */ = {isa = PBXBuildFile; fileRef = 02E0EFB71F43C5CC00CE405A /* PreHomeViewController.swift */; };
		02E0EFBA1F43C97D00CE405A /* ChengePasswordViewController.swift in Sources */ = {isa = PBXBuildFile; fileRef = 02E0EFB91F43C97D00CE405A /* ChengePasswordViewController.swift */; };
		02E7AB191F3D1EE50037B7D1 /* ReportActions.swift in Sources */ = {isa = PBXBuildFile; fileRef = 02E7AB181F3D1EE50037B7D1 /* ReportActions.swift */; };
		02E7AB1B1F3D238A0037B7D1 /* ReportReducer.swift in Sources */ = {isa = PBXBuildFile; fileRef = 02E7AB1A1F3D238A0037B7D1 /* ReportReducer.swift */; };
		02E7AB1D1F3D24A80037B7D1 /* ReportState.swift in Sources */ = {isa = PBXBuildFile; fileRef = 02E7AB1C1F3D24A80037B7D1 /* ReportState.swift */; };
		02E7AB1F1F3D32400037B7D1 /* Week.swift in Sources */ = {isa = PBXBuildFile; fileRef = 02E7AB1E1F3D32400037B7D1 /* Week.swift */; };
		02E7AB211F3D3BBD0037B7D1 /* DateFormatter.swift in Sources */ = {isa = PBXBuildFile; fileRef = 02E7AB201F3D3BBD0037B7D1 /* DateFormatter.swift */; };
		02F4CC9A1F3B6F16008312A6 /* BusinessTableViewCell.swift in Sources */ = {isa = PBXBuildFile; fileRef = 02F4CC991F3B6F16008312A6 /* BusinessTableViewCell.swift */; };
		02F4CC9E1F3B7310008312A6 /* UIColor.swift in Sources */ = {isa = PBXBuildFile; fileRef = 02F4CC9D1F3B7310008312A6 /* UIColor.swift */; };
		02F4CCA01F3BD4E8008312A6 /* ResponsableCollectionViewCell.swift in Sources */ = {isa = PBXBuildFile; fileRef = 02F4CC9F1F3BD4E8008312A6 /* ResponsableCollectionViewCell.swift */; };
		24714CF14BFF1A51E3C35A6F /* Pods_dees.framework in Frameworks */ = {isa = PBXBuildFile; fileRef = DCB879BEDBA3E3D8A2B1BA03 /* Pods_dees.framework */; };
/* End PBXBuildFile section */

/* Begin PBXFileReference section */
		021B230E1F85585F00285E4A /* FilesTableViewController.swift */ = {isa = PBXFileReference; lastKnownFileType = sourcecode.swift; path = FilesTableViewController.swift; sourceTree = "<group>"; };
		022CF0581F460129007EEF1C /* UsersTableViewController.swift */ = {isa = PBXFileReference; fileEncoding = 4; lastKnownFileType = sourcecode.swift; path = UsersTableViewController.swift; sourceTree = "<group>"; };
		023611011F7EC24C009D2294 /* EnterpriseNavBar.swift */ = {isa = PBXFileReference; lastKnownFileType = sourcecode.swift; path = EnterpriseNavBar.swift; sourceTree = "<group>"; };
		0238D2CC1F745D180009B1F0 /* UIImageView.swift */ = {isa = PBXFileReference; fileEncoding = 4; lastKnownFileType = sourcecode.swift; path = UIImageView.swift; sourceTree = "<group>"; };
		0238D2CD1F745D180009B1F0 /* loadingView.swift */ = {isa = PBXFileReference; fileEncoding = 4; lastKnownFileType = sourcecode.swift; path = loadingView.swift; sourceTree = "<group>"; };
		0238D2D21F745D550009B1F0 /* firefly2.gif */ = {isa = PBXFileReference; lastKnownFileType = image.gif; path = firefly2.gif; sourceTree = "<group>"; };
		0243F3611F75D96500F85F8D /* titleNavBarView.swift */ = {isa = PBXFileReference; lastKnownFileType = sourcecode.swift; path = titleNavBarView.swift; sourceTree = "<group>"; };
		0243F3631F75E73C00F85F8D /* weeksView.swift */ = {isa = PBXFileReference; lastKnownFileType = sourcecode.swift; path = weeksView.swift; sourceTree = "<group>"; };
		024CAFEF1F8D3A63008D2922 /* weekState.swift */ = {isa = PBXFileReference; lastKnownFileType = sourcecode.swift; path = weekState.swift; sourceTree = "<group>"; };
		024CAFF31F8D4200008D2922 /* WeekReducer.swift */ = {isa = PBXFileReference; lastKnownFileType = sourcecode.swift; path = WeekReducer.swift; sourceTree = "<group>"; };
		025EB9821F34F43F0075611F /* dees.app */ = {isa = PBXFileReference; explicitFileType = wrapper.application; includeInIndex = 0; path = dees.app; sourceTree = BUILT_PRODUCTS_DIR; };
		025EB9851F34F43F0075611F /* AppDelegate.swift */ = {isa = PBXFileReference; lastKnownFileType = sourcecode.swift; path = AppDelegate.swift; sourceTree = "<group>"; };
		025EB9871F34F43F0075611F /* ViewController.swift */ = {isa = PBXFileReference; lastKnownFileType = sourcecode.swift; path = ViewController.swift; sourceTree = "<group>"; };
		025EB98A1F34F43F0075611F /* Base */ = {isa = PBXFileReference; lastKnownFileType = file.storyboard; name = Base; path = Base.lproj/Main.storyboard; sourceTree = "<group>"; };
		025EB98C1F34F43F0075611F /* Assets.xcassets */ = {isa = PBXFileReference; lastKnownFileType = folder.assetcatalog; path = Assets.xcassets; sourceTree = "<group>"; };
		025EB98F1F34F43F0075611F /* Base */ = {isa = PBXFileReference; lastKnownFileType = file.storyboard; name = Base; path = Base.lproj/LaunchScreen.storyboard; sourceTree = "<group>"; };
		025EB9911F34F43F0075611F /* Info.plist */ = {isa = PBXFileReference; lastKnownFileType = text.plist.xml; path = Info.plist; sourceTree = "<group>"; };
		025EB99A1F34F9020075611F /* AppState.swift */ = {isa = PBXFileReference; fileEncoding = 4; lastKnownFileType = sourcecode.swift; path = AppState.swift; sourceTree = "<group>"; };
		025EB99D1F34FB100075611F /* User.swift */ = {isa = PBXFileReference; fileEncoding = 4; lastKnownFileType = sourcecode.swift; path = User.swift; sourceTree = "<group>"; };
		025EB99F1F34FBF10075611F /* AppReducer.swift */ = {isa = PBXFileReference; fileEncoding = 4; lastKnownFileType = sourcecode.swift; path = AppReducer.swift; sourceTree = "<group>"; };
		025EB9A11F34FC4D0075611F /* UserActions.swift */ = {isa = PBXFileReference; fileEncoding = 4; lastKnownFileType = sourcecode.swift; path = UserActions.swift; sourceTree = "<group>"; };
		025EB9A31F34FC660075611F /* UserReducer.swift */ = {isa = PBXFileReference; fileEncoding = 4; lastKnownFileType = sourcecode.swift; path = UserReducer.swift; sourceTree = "<group>"; };
		025EB9A51F34FCC60075611F /* UserSatate.swift */ = {isa = PBXFileReference; fileEncoding = 4; lastKnownFileType = sourcecode.swift; path = UserSatate.swift; sourceTree = "<group>"; };
		025EB9A91F3507590075611F /* WeeksTableViewController.swift */ = {isa = PBXFileReference; fileEncoding = 4; lastKnownFileType = sourcecode.swift; path = WeeksTableViewController.swift; sourceTree = "<group>"; };
		025EB9AB1F350A730075611F /* Business.swift */ = {isa = PBXFileReference; fileEncoding = 4; lastKnownFileType = sourcecode.swift; path = Business.swift; sourceTree = "<group>"; };
		025EB9AD1F35464F0075611F /* Constants.swift */ = {isa = PBXFileReference; fileEncoding = 4; lastKnownFileType = sourcecode.swift; path = Constants.swift; sourceTree = "<group>"; };
		025EB9AF1F354B740075611F /* UserService.swift */ = {isa = PBXFileReference; fileEncoding = 4; lastKnownFileType = sourcecode.swift; path = UserService.swift; sourceTree = "<group>"; };
		02647F2D1F87FD3700E5AAC9 /* dees.entitlements */ = {isa = PBXFileReference; lastKnownFileType = text.plist.entitlements; path = dees.entitlements; sourceTree = "<group>"; };
		0271D4161F69CA4800727F28 /* UIImage.swift */ = {isa = PBXFileReference; fileEncoding = 4; lastKnownFileType = sourcecode.swift; path = UIImage.swift; sourceTree = "<group>"; };
		0272A3721F4E4BFB008D3287 /* EnterpriseCollectionViewController.swift */ = {isa = PBXFileReference; fileEncoding = 4; lastKnownFileType = sourcecode.swift; path = EnterpriseCollectionViewController.swift; sourceTree = "<group>"; };
		0272A3741F4E5BC1008D3287 /* EnterpriseCollectionViewCell.swift */ = {isa = PBXFileReference; fileEncoding = 4; lastKnownFileType = sourcecode.swift; path = EnterpriseCollectionViewCell.swift; sourceTree = "<group>"; };
		0279A4B51F4F55970085030D /* ResponsableTableViewController.swift */ = {isa = PBXFileReference; fileEncoding = 4; lastKnownFileType = sourcecode.swift; path = ResponsableTableViewController.swift; sourceTree = "<group>"; };
		0279A4BB1F4F83620085030D /* AnexosTableViewController.swift */ = {isa = PBXFileReference; fileEncoding = 4; lastKnownFileType = sourcecode.swift; path = AnexosTableViewController.swift; sourceTree = "<group>"; };
		0279A4BD1F4F84700085030D /* ChildTableViewCell.swift */ = {isa = PBXFileReference; fileEncoding = 4; lastKnownFileType = sourcecode.swift; path = ChildTableViewCell.swift; sourceTree = "<group>"; };
		027D91191F3907A8007AB6D2 /* AuthService.swift */ = {isa = PBXFileReference; fileEncoding = 4; lastKnownFileType = sourcecode.swift; path = AuthService.swift; sourceTree = "<group>"; };
		027D911D1F393D37007AB6D2 /* ProfileViewController.swift */ = {isa = PBXFileReference; fileEncoding = 4; lastKnownFileType = sourcecode.swift; path = ProfileViewController.swift; sourceTree = "<group>"; };
		027FE2251F3CF151005C6FF8 /* Report.swift */ = {isa = PBXFileReference; fileEncoding = 4; lastKnownFileType = sourcecode.swift; path = Report.swift; sourceTree = "<group>"; };
		027FE2271F3CFB54005C6FF8 /* RerpotService.swift */ = {isa = PBXFileReference; fileEncoding = 4; lastKnownFileType = sourcecode.swift; path = RerpotService.swift; sourceTree = "<group>"; };
		0280EF2B1F86B932003247F5 /* DesignableView.swift */ = {isa = PBXFileReference; lastKnownFileType = sourcecode.swift; path = DesignableView.swift; sourceTree = "<group>"; };
		0280EF2D1F86BB2C003247F5 /* DetailsContentViewController.swift */ = {isa = PBXFileReference; lastKnownFileType = sourcecode.swift; path = DetailsContentViewController.swift; sourceTree = "<group>"; };
		028E9FEF1F880DF900ABE342 /* CloudKit.framework */ = {isa = PBXFileReference; lastKnownFileType = wrapper.framework; name = CloudKit.framework; path = System/Library/Frameworks/CloudKit.framework; sourceTree = SDKROOT; };
		02991C861F7ADD84006148EF /* Persmission.swift */ = {isa = PBXFileReference; lastKnownFileType = sourcecode.swift; path = Persmission.swift; sourceTree = "<group>"; };
		02A3A4701F3A1D6F0048750E /* UIVIew.swift */ = {isa = PBXFileReference; fileEncoding = 4; lastKnownFileType = sourcecode.swift; path = UIVIew.swift; sourceTree = "<group>"; };
		02A3A4721F3A22450048750E /* UIViewcontroller.swift */ = {isa = PBXFileReference; fileEncoding = 4; lastKnownFileType = sourcecode.swift; path = UIViewcontroller.swift; sourceTree = "<group>"; };
		02A3A4751F3A2D1F0048750E /* pirulen rg.ttf */ = {isa = PBXFileReference; lastKnownFileType = file; path = "pirulen rg.ttf"; sourceTree = "<group>"; };
		02A3A4791F3A53C20048750E /* BusinessState.swift */ = {isa = PBXFileReference; fileEncoding = 4; lastKnownFileType = sourcecode.swift; path = BusinessState.swift; sourceTree = "<group>"; };
		02A3A47B1F3A54260048750E /* BusinessActions.swift */ = {isa = PBXFileReference; fileEncoding = 4; lastKnownFileType = sourcecode.swift; path = BusinessActions.swift; sourceTree = "<group>"; };
		02A3A47D1F3A55C60048750E /* BusinessReducer.swift */ = {isa = PBXFileReference; fileEncoding = 4; lastKnownFileType = sourcecode.swift; path = BusinessReducer.swift; sourceTree = "<group>"; };
		02A3A47F1F3A56B00048750E /* EnterprisesService.swift */ = {isa = PBXFileReference; fileEncoding = 4; lastKnownFileType = sourcecode.swift; path = EnterprisesService.swift; sourceTree = "<group>"; };
		02AB81BA1F7066300081FE5E /* RerportTableViewCell.swift */ = {isa = PBXFileReference; fileEncoding = 4; lastKnownFileType = sourcecode.swift; path = RerportTableViewCell.swift; sourceTree = "<group>"; };
		02B5A21B1F670E07001CD113 /* preHomeCollectionViewCell.swift */ = {isa = PBXFileReference; fileEncoding = 4; lastKnownFileType = sourcecode.swift; path = preHomeCollectionViewCell.swift; sourceTree = "<group>"; };
		02B5A2201F672599001CD113 /* AllReportsTableViewController.swift */ = {isa = PBXFileReference; fileEncoding = 4; lastKnownFileType = sourcecode.swift; path = AllReportsTableViewController.swift; sourceTree = "<group>"; };
		02B5A2221F672D86001CD113 /* ResponsableTableViewCell.swift */ = {isa = PBXFileReference; fileEncoding = 4; lastKnownFileType = sourcecode.swift; path = ResponsableTableViewCell.swift; sourceTree = "<group>"; };
		02B974D11F465E2500884A82 /* File.swift */ = {isa = PBXFileReference; fileEncoding = 4; lastKnownFileType = sourcecode.swift; path = File.swift; sourceTree = "<group>"; };
		02B974D31F4660F900884A82 /* FileViewViewController.swift */ = {isa = PBXFileReference; fileEncoding = 4; lastKnownFileType = sourcecode.swift; path = FileViewViewController.swift; sourceTree = "<group>"; };
		02BE44C31F8E86CF002D3578 /* String.swift */ = {isa = PBXFileReference; lastKnownFileType = sourcecode.swift; path = String.swift; sourceTree = "<group>"; };
		02BE44C81F8E9B61002D3578 /* LibraryViewController.swift */ = {isa = PBXFileReference; lastKnownFileType = sourcecode.swift; path = LibraryViewController.swift; sourceTree = "<group>"; };
		02C0582D1F82AF1D0022186A /* EnterpriseHeader.swift */ = {isa = PBXFileReference; lastKnownFileType = sourcecode.swift; path = EnterpriseHeader.swift; sourceTree = "<group>"; };
		02C058311F82B0E10022186A /* EnterpriseHeader.xib */ = {isa = PBXFileReference; lastKnownFileType = file.xib; path = EnterpriseHeader.xib; sourceTree = "<group>"; };
		02C058331F82CD050022186A /* TitleView.xib */ = {isa = PBXFileReference; lastKnownFileType = file.xib; path = TitleView.xib; sourceTree = "<group>"; };
		02C058351F82CD770022186A /* TitleHeader.swift */ = {isa = PBXFileReference; lastKnownFileType = sourcecode.swift; path = TitleHeader.swift; sourceTree = "<group>"; };
		02CD44D11F7198AD00F36987 /* RoutingSvc.swift */ = {isa = PBXFileReference; fileEncoding = 4; lastKnownFileType = sourcecode.swift; path = RoutingSvc.swift; sourceTree = "<group>"; };
		02D4AE181F71E13300623406 /* EnterprisesTableViewController.swift */ = {isa = PBXFileReference; fileEncoding = 4; lastKnownFileType = sourcecode.swift; path = EnterprisesTableViewController.swift; sourceTree = "<group>"; };
		02D4AE1A1F71F48700623406 /* SearchFooter.swift */ = {isa = PBXFileReference; fileEncoding = 4; lastKnownFileType = sourcecode.swift; path = SearchFooter.swift; sourceTree = "<group>"; };
		02DAC0A11F4D02950063B08F /* EnterpriseViewViewController.swift */ = {isa = PBXFileReference; fileEncoding = 4; lastKnownFileType = sourcecode.swift; path = EnterpriseViewViewController.swift; sourceTree = "<group>"; };
		02DD8D301F3E1CBE00896850 /* UINavigationBar.swift */ = {isa = PBXFileReference; fileEncoding = 4; lastKnownFileType = sourcecode.swift; path = UINavigationBar.swift; sourceTree = "<group>"; };
		02E0EFB71F43C5CC00CE405A /* PreHomeViewController.swift */ = {isa = PBXFileReference; fileEncoding = 4; lastKnownFileType = sourcecode.swift; path = PreHomeViewController.swift; sourceTree = "<group>"; };
		02E0EFB91F43C97D00CE405A /* ChengePasswordViewController.swift */ = {isa = PBXFileReference; fileEncoding = 4; lastKnownFileType = sourcecode.swift; path = ChengePasswordViewController.swift; sourceTree = "<group>"; };
		02E7AB181F3D1EE50037B7D1 /* ReportActions.swift */ = {isa = PBXFileReference; fileEncoding = 4; lastKnownFileType = sourcecode.swift; path = ReportActions.swift; sourceTree = "<group>"; };
		02E7AB1A1F3D238A0037B7D1 /* ReportReducer.swift */ = {isa = PBXFileReference; fileEncoding = 4; lastKnownFileType = sourcecode.swift; path = ReportReducer.swift; sourceTree = "<group>"; };
		02E7AB1C1F3D24A80037B7D1 /* ReportState.swift */ = {isa = PBXFileReference; fileEncoding = 4; lastKnownFileType = sourcecode.swift; path = ReportState.swift; sourceTree = "<group>"; };
		02E7AB1E1F3D32400037B7D1 /* Week.swift */ = {isa = PBXFileReference; fileEncoding = 4; lastKnownFileType = sourcecode.swift; path = Week.swift; sourceTree = "<group>"; };
		02E7AB201F3D3BBD0037B7D1 /* DateFormatter.swift */ = {isa = PBXFileReference; fileEncoding = 4; lastKnownFileType = sourcecode.swift; path = DateFormatter.swift; sourceTree = "<group>"; };
		02F4CC991F3B6F16008312A6 /* BusinessTableViewCell.swift */ = {isa = PBXFileReference; fileEncoding = 4; lastKnownFileType = sourcecode.swift; path = BusinessTableViewCell.swift; sourceTree = "<group>"; };
		02F4CC9D1F3B7310008312A6 /* UIColor.swift */ = {isa = PBXFileReference; fileEncoding = 4; lastKnownFileType = sourcecode.swift; path = UIColor.swift; sourceTree = "<group>"; };
		02F4CC9F1F3BD4E8008312A6 /* ResponsableCollectionViewCell.swift */ = {isa = PBXFileReference; fileEncoding = 4; lastKnownFileType = sourcecode.swift; path = ResponsableCollectionViewCell.swift; sourceTree = "<group>"; };
		577EF8040DFD0CDF2752B261 /* Pods-dees.release.xcconfig */ = {isa = PBXFileReference; includeInIndex = 1; lastKnownFileType = text.xcconfig; name = "Pods-dees.release.xcconfig"; path = "Pods/Target Support Files/Pods-dees/Pods-dees.release.xcconfig"; sourceTree = "<group>"; };
		CA39A3E619D51EC5D71E43CA /* Pods-dees.debug.xcconfig */ = {isa = PBXFileReference; includeInIndex = 1; lastKnownFileType = text.xcconfig; name = "Pods-dees.debug.xcconfig"; path = "Pods/Target Support Files/Pods-dees/Pods-dees.debug.xcconfig"; sourceTree = "<group>"; };
		DCB879BEDBA3E3D8A2B1BA03 /* Pods_dees.framework */ = {isa = PBXFileReference; explicitFileType = wrapper.framework; includeInIndex = 0; path = Pods_dees.framework; sourceTree = BUILT_PRODUCTS_DIR; };
/* End PBXFileReference section */

/* Begin PBXFrameworksBuildPhase section */
		025EB97F1F34F43F0075611F /* Frameworks */ = {
			isa = PBXFrameworksBuildPhase;
			buildActionMask = 2147483647;
			files = (
				24714CF14BFF1A51E3C35A6F /* Pods_dees.framework in Frameworks */,
				028E9FF01F880DF900ABE342 /* CloudKit.framework in Frameworks */,
			);
			runOnlyForDeploymentPostprocessing = 0;
		};
/* End PBXFrameworksBuildPhase section */

/* Begin PBXGroup section */
		021B230D1F85584700285E4A /* Files */ = {
			isa = PBXGroup;
			children = (
				021B230E1F85585F00285E4A /* FilesTableViewController.swift */,
			);
			name = Files;
			sourceTree = "<group>";
		};
		0238D2D01F745D1D0009B1F0 /* extra */ = {
			isa = PBXGroup;
			children = (
				02D4AE1A1F71F48700623406 /* SearchFooter.swift */,
				0238D2CD1F745D180009B1F0 /* loadingView.swift */,
				0243F3611F75D96500F85F8D /* titleNavBarView.swift */,
				0243F3631F75E73C00F85F8D /* weeksView.swift */,
				023611011F7EC24C009D2294 /* EnterpriseNavBar.swift */,
				02C0582D1F82AF1D0022186A /* EnterpriseHeader.swift */,
				02C058311F82B0E10022186A /* EnterpriseHeader.xib */,
				02C058331F82CD050022186A /* TitleView.xib */,
				02C058351F82CD770022186A /* TitleHeader.swift */,
				0280EF2B1F86B932003247F5 /* DesignableView.swift */,
			);
			name = extra;
			sourceTree = "<group>";
		};
		0238D2D11F745D3F0009B1F0 /* gifts */ = {
			isa = PBXGroup;
			children = (
				0238D2D21F745D550009B1F0 /* firefly2.gif */,
			);
			name = gifts;
			sourceTree = "<group>";
		};
		025EB9791F34F43F0075611F = {
			isa = PBXGroup;
			children = (
				025EB9841F34F43F0075611F /* dees */,
				025EB9831F34F43F0075611F /* Products */,
				36C24BFFD9BEDD55F5E09390 /* Pods */,
				785462EAF3E59381B6128BF6 /* Frameworks */,
			);
			sourceTree = "<group>";
		};
		025EB9831F34F43F0075611F /* Products */ = {
			isa = PBXGroup;
			children = (
				025EB9821F34F43F0075611F /* dees.app */,
			);
			name = Products;
			sourceTree = "<group>";
		};
		025EB9841F34F43F0075611F /* dees */ = {
			isa = PBXGroup;
			children = (
				02647F2D1F87FD3700E5AAC9 /* dees.entitlements */,
				0238D2D11F745D3F0009B1F0 /* gifts */,
				0238D2D01F745D1D0009B1F0 /* extra */,
				02A3A4811F3A8F420048750E /* cells */,
				02A3A4741F3A2CFF0048750E /* Fonts */,
				02A3A46F1F3A1CF40048750E /* Extensions */,
				027D91181F39079A007AB6D2 /* Services */,
				025EB99C1F34FB050075611F /* Models */,
				025EB9991F34F7110075611F /* States */,
				025EB9981F34F70C0075611F /* Reducers */,
				025EB9971F34F7050075611F /* Actions */,
				025EB9851F34F43F0075611F /* AppDelegate.swift */,
				02DD8D321F3E235B00896850 /* Controllers */,
				025EB9891F34F43F0075611F /* Main.storyboard */,
				025EB98C1F34F43F0075611F /* Assets.xcassets */,
				025EB98E1F34F43F0075611F /* LaunchScreen.storyboard */,
				025EB9911F34F43F0075611F /* Info.plist */,
				025EB9AD1F35464F0075611F /* Constants.swift */,
			);
			path = dees;
			sourceTree = "<group>";
		};
		025EB9971F34F7050075611F /* Actions */ = {
			isa = PBXGroup;
			children = (
				025EB9A11F34FC4D0075611F /* UserActions.swift */,
				02A3A47B1F3A54260048750E /* BusinessActions.swift */,
				02E7AB181F3D1EE50037B7D1 /* ReportActions.swift */,
			);
			name = Actions;
			sourceTree = "<group>";
		};
		025EB9981F34F70C0075611F /* Reducers */ = {
			isa = PBXGroup;
			children = (
				025EB99F1F34FBF10075611F /* AppReducer.swift */,
				025EB9A31F34FC660075611F /* UserReducer.swift */,
				02A3A47D1F3A55C60048750E /* BusinessReducer.swift */,
				02E7AB1A1F3D238A0037B7D1 /* ReportReducer.swift */,
				024CAFF31F8D4200008D2922 /* WeekReducer.swift */,
			);
			name = Reducers;
			sourceTree = "<group>";
		};
		025EB9991F34F7110075611F /* States */ = {
			isa = PBXGroup;
			children = (
				025EB99A1F34F9020075611F /* AppState.swift */,
				025EB9A51F34FCC60075611F /* UserSatate.swift */,
				02A3A4791F3A53C20048750E /* BusinessState.swift */,
				02E7AB1C1F3D24A80037B7D1 /* ReportState.swift */,
				024CAFEF1F8D3A63008D2922 /* weekState.swift */,
			);
			name = States;
			sourceTree = "<group>";
		};
		025EB99C1F34FB050075611F /* Models */ = {
			isa = PBXGroup;
			children = (
				025EB99D1F34FB100075611F /* User.swift */,
				025EB9AB1F350A730075611F /* Business.swift */,
				027FE2251F3CF151005C6FF8 /* Report.swift */,
				02E7AB1E1F3D32400037B7D1 /* Week.swift */,
				02B974D11F465E2500884A82 /* File.swift */,
				02991C861F7ADD84006148EF /* Persmission.swift */,
			);
			name = Models;
			sourceTree = "<group>";
		};
		027D91181F39079A007AB6D2 /* Services */ = {
			isa = PBXGroup;
			children = (
				025EB9AF1F354B740075611F /* UserService.swift */,
				027D91191F3907A8007AB6D2 /* AuthService.swift */,
				02A3A47F1F3A56B00048750E /* EnterprisesService.swift */,
				027FE2271F3CFB54005C6FF8 /* RerpotService.swift */,
				02CD44D11F7198AD00F36987 /* RoutingSvc.swift */,
			);
			name = Services;
			sourceTree = "<group>";
		};
		02A3A46F1F3A1CF40048750E /* Extensions */ = {
			isa = PBXGroup;
			children = (
				0238D2CC1F745D180009B1F0 /* UIImageView.swift */,
				02A3A4701F3A1D6F0048750E /* UIVIew.swift */,
				02A3A4721F3A22450048750E /* UIViewcontroller.swift */,
				02F4CC9D1F3B7310008312A6 /* UIColor.swift */,
				02E7AB201F3D3BBD0037B7D1 /* DateFormatter.swift */,
				02DD8D301F3E1CBE00896850 /* UINavigationBar.swift */,
				0271D4161F69CA4800727F28 /* UIImage.swift */,
				02BE44C31F8E86CF002D3578 /* String.swift */,
			);
			name = Extensions;
			sourceTree = "<group>";
		};
		02A3A4741F3A2CFF0048750E /* Fonts */ = {
			isa = PBXGroup;
			children = (
				02A3A4751F3A2D1F0048750E /* pirulen rg.ttf */,
			);
			name = Fonts;
			sourceTree = "<group>";
		};
		02A3A4811F3A8F420048750E /* cells */ = {
			isa = PBXGroup;
			children = (
				0279A4BD1F4F84700085030D /* ChildTableViewCell.swift */,
				02F4CC991F3B6F16008312A6 /* BusinessTableViewCell.swift */,
				02F4CC9F1F3BD4E8008312A6 /* ResponsableCollectionViewCell.swift */,
				0272A3741F4E5BC1008D3287 /* EnterpriseCollectionViewCell.swift */,
				02B5A21B1F670E07001CD113 /* preHomeCollectionViewCell.swift */,
				02B5A2221F672D86001CD113 /* ResponsableTableViewCell.swift */,
				02AB81BA1F7066300081FE5E /* RerportTableViewCell.swift */,
			);
			name = cells;
			sourceTree = "<group>";
		};
		02B5A21D1F671E4B001CD113 /* Reports */ = {
			isa = PBXGroup;
			children = (
				02B5A2201F672599001CD113 /* AllReportsTableViewController.swift */,
				0280EF2D1F86BB2C003247F5 /* DetailsContentViewController.swift */,
			);
			name = Reports;
			sourceTree = "<group>";
		};
		02BE44C71F8E9B52002D3578 /* Library */ = {
			isa = PBXGroup;
			children = (
				02BE44C81F8E9B61002D3578 /* LibraryViewController.swift */,
			);
			name = Library;
			sourceTree = "<group>";
		};
		02DD8D321F3E235B00896850 /* Controllers */ = {
			isa = PBXGroup;
			children = (
				02BE44C71F8E9B52002D3578 /* Library */,
				021B230D1F85584700285E4A /* Files */,
				02B5A21D1F671E4B001CD113 /* Reports */,
				025EB9871F34F43F0075611F /* ViewController.swift */,
				025EB9A91F3507590075611F /* WeeksTableViewController.swift */,
				027D911D1F393D37007AB6D2 /* ProfileViewController.swift */,
				02E0EFB71F43C5CC00CE405A /* PreHomeViewController.swift */,
				02E0EFB91F43C97D00CE405A /* ChengePasswordViewController.swift */,
				022CF0581F460129007EEF1C /* UsersTableViewController.swift */,
				02B974D31F4660F900884A82 /* FileViewViewController.swift */,
				02DAC0A11F4D02950063B08F /* EnterpriseViewViewController.swift */,
				0272A3721F4E4BFB008D3287 /* EnterpriseCollectionViewController.swift */,
				0279A4B51F4F55970085030D /* ResponsableTableViewController.swift */,
				0279A4BB1F4F83620085030D /* AnexosTableViewController.swift */,
				02D4AE181F71E13300623406 /* EnterprisesTableViewController.swift */,
			);
			name = Controllers;
			sourceTree = "<group>";
		};
		36C24BFFD9BEDD55F5E09390 /* Pods */ = {
			isa = PBXGroup;
			children = (
				CA39A3E619D51EC5D71E43CA /* Pods-dees.debug.xcconfig */,
				577EF8040DFD0CDF2752B261 /* Pods-dees.release.xcconfig */,
			);
			name = Pods;
			sourceTree = "<group>";
		};
		785462EAF3E59381B6128BF6 /* Frameworks */ = {
			isa = PBXGroup;
			children = (
				028E9FEF1F880DF900ABE342 /* CloudKit.framework */,
				DCB879BEDBA3E3D8A2B1BA03 /* Pods_dees.framework */,
			);
			name = Frameworks;
			sourceTree = "<group>";
		};
/* End PBXGroup section */

/* Begin PBXNativeTarget section */
		025EB9811F34F43F0075611F /* dees */ = {
			isa = PBXNativeTarget;
			buildConfigurationList = 025EB9941F34F43F0075611F /* Build configuration list for PBXNativeTarget "dees" */;
			buildPhases = (
				CA9510D11AEE05D6A185B9FB /* [CP] Check Pods Manifest.lock */,
				025EB97E1F34F43F0075611F /* Sources */,
				025EB97F1F34F43F0075611F /* Frameworks */,
				025EB9801F34F43F0075611F /* Resources */,
				D4AD8F978E0DFBA5B9B51D9B /* [CP] Embed Pods Frameworks */,
				6561FC53D4A5D08626580D0D /* [CP] Copy Pods Resources */,
			);
			buildRules = (
			);
			dependencies = (
			);
			name = dees;
			productName = dees;
			productReference = 025EB9821F34F43F0075611F /* dees.app */;
			productType = "com.apple.product-type.application";
		};
/* End PBXNativeTarget section */

/* Begin PBXProject section */
		025EB97A1F34F43F0075611F /* Project object */ = {
			isa = PBXProject;
			attributes = {
				LastSwiftUpdateCheck = 0830;
				LastUpgradeCheck = 0900;
				ORGANIZATIONNAME = "Leonardo Durazo";
				TargetAttributes = {
					025EB9811F34F43F0075611F = {
						CreatedOnToolsVersion = 8.3.3;
						DevelopmentTeam = XSFS8X2N87;
						LastSwiftMigration = 0900;
						ProvisioningStyle = Automatic;
						SystemCapabilities = {
							com.apple.Push = {
								enabled = 1;
							};
							com.apple.iCloud = {
								enabled = 1;
							};
						};
					};
				};
			};
			buildConfigurationList = 025EB97D1F34F43F0075611F /* Build configuration list for PBXProject "dees" */;
			compatibilityVersion = "Xcode 3.2";
			developmentRegion = English;
			hasScannedForEncodings = 0;
			knownRegions = (
				en,
				Base,
			);
			mainGroup = 025EB9791F34F43F0075611F;
			productRefGroup = 025EB9831F34F43F0075611F /* Products */;
			projectDirPath = "";
			projectRoot = "";
			targets = (
				025EB9811F34F43F0075611F /* dees */,
			);
		};
/* End PBXProject section */

/* Begin PBXResourcesBuildPhase section */
		025EB9801F34F43F0075611F /* Resources */ = {
			isa = PBXResourcesBuildPhase;
			buildActionMask = 2147483647;
			files = (
				025EB9901F34F43F0075611F /* LaunchScreen.storyboard in Resources */,
				02C058341F82CD050022186A /* TitleView.xib in Resources */,
				025EB98D1F34F43F0075611F /* Assets.xcassets in Resources */,
				0238D2D31F745D550009B1F0 /* firefly2.gif in Resources */,
				02C058321F82B0E10022186A /* EnterpriseHeader.xib in Resources */,
				025EB98B1F34F43F0075611F /* Main.storyboard in Resources */,
				02A3A4761F3A354D0048750E /* pirulen rg.ttf in Resources */,
			);
			runOnlyForDeploymentPostprocessing = 0;
		};
/* End PBXResourcesBuildPhase section */

/* Begin PBXShellScriptBuildPhase section */
		6561FC53D4A5D08626580D0D /* [CP] Copy Pods Resources */ = {
			isa = PBXShellScriptBuildPhase;
			buildActionMask = 2147483647;
			files = (
			);
			inputPaths = (
			);
			name = "[CP] Copy Pods Resources";
			outputPaths = (
			);
			runOnlyForDeploymentPostprocessing = 0;
			shellPath = /bin/sh;
			shellScript = "\"${SRCROOT}/Pods/Target Support Files/Pods-dees/Pods-dees-resources.sh\"\n";
			showEnvVarsInLog = 0;
		};
		CA9510D11AEE05D6A185B9FB /* [CP] Check Pods Manifest.lock */ = {
			isa = PBXShellScriptBuildPhase;
			buildActionMask = 2147483647;
			files = (
			);
			inputPaths = (
			);
			name = "[CP] Check Pods Manifest.lock";
			outputPaths = (
			);
			runOnlyForDeploymentPostprocessing = 0;
			shellPath = /bin/sh;
			shellScript = "diff \"${PODS_PODFILE_DIR_PATH}/Podfile.lock\" \"${PODS_ROOT}/Manifest.lock\" > /dev/null\nif [ $? != 0 ] ; then\n    # print error to STDERR\n    echo \"error: The sandbox is not in sync with the Podfile.lock. Run 'pod install' or update your CocoaPods installation.\" >&2\n    exit 1\nfi\n";
			showEnvVarsInLog = 0;
		};
		D4AD8F978E0DFBA5B9B51D9B /* [CP] Embed Pods Frameworks */ = {
			isa = PBXShellScriptBuildPhase;
			buildActionMask = 2147483647;
			files = (
			);
			inputPaths = (
			);
			name = "[CP] Embed Pods Frameworks";
			outputPaths = (
			);
			runOnlyForDeploymentPostprocessing = 0;
			shellPath = /bin/sh;
			shellScript = "\"${SRCROOT}/Pods/Target Support Files/Pods-dees/Pods-dees-frameworks.sh\"\n";
			showEnvVarsInLog = 0;
		};
/* End PBXShellScriptBuildPhase section */

/* Begin PBXSourcesBuildPhase section */
		025EB97E1F34F43F0075611F /* Sources */ = {
			isa = PBXSourcesBuildPhase;
			buildActionMask = 2147483647;
			files = (
				0243F3621F75D96500F85F8D /* titleNavBarView.swift in Sources */,
				02A3A4711F3A1D6F0048750E /* UIVIew.swift in Sources */,
				023611021F7EC24C009D2294 /* EnterpriseNavBar.swift in Sources */,
				02A3A4801F3A56B00048750E /* EnterprisesService.swift in Sources */,
				025EB99E1F34FB100075611F /* User.swift in Sources */,
				025EB9A41F34FC660075611F /* UserReducer.swift in Sources */,
				022CF0591F460129007EEF1C /* UsersTableViewController.swift in Sources */,
				02B5A2231F672D86001CD113 /* ResponsableTableViewCell.swift in Sources */,
				0280EF2C1F86B932003247F5 /* DesignableView.swift in Sources */,
				024CAFF41F8D4200008D2922 /* WeekReducer.swift in Sources */,
				02DD8D311F3E1CBE00896850 /* UINavigationBar.swift in Sources */,
				02E7AB1F1F3D32400037B7D1 /* Week.swift in Sources */,
				0280EF2E1F86BB2C003247F5 /* DetailsContentViewController.swift in Sources */,
				0279A4B61F4F55970085030D /* ResponsableTableViewController.swift in Sources */,
				0271D4171F69CA4800727F28 /* UIImage.swift in Sources */,
				02A3A47E1F3A55C60048750E /* BusinessReducer.swift in Sources */,
				02B974D21F465E2500884A82 /* File.swift in Sources */,
				025EB9AA1F3507590075611F /* WeeksTableViewController.swift in Sources */,
				0279A4BC1F4F83620085030D /* AnexosTableViewController.swift in Sources */,
				02F4CCA01F3BD4E8008312A6 /* ResponsableCollectionViewCell.swift in Sources */,
				02B5A2211F672599001CD113 /* AllReportsTableViewController.swift in Sources */,
				02E7AB1D1F3D24A80037B7D1 /* ReportState.swift in Sources */,
				02A3A47C1F3A54260048750E /* BusinessActions.swift in Sources */,
				02A3A47A1F3A53C20048750E /* BusinessState.swift in Sources */,
				0243F3641F75E73C00F85F8D /* weeksView.swift in Sources */,
				02CD44D21F7198AD00F36987 /* RoutingSvc.swift in Sources */,
				025EB99B1F34F9020075611F /* AppState.swift in Sources */,
				025EB9881F34F43F0075611F /* ViewController.swift in Sources */,
				02E7AB1B1F3D238A0037B7D1 /* ReportReducer.swift in Sources */,
				02E0EFB81F43C5CC00CE405A /* PreHomeViewController.swift in Sources */,
				025EB9A61F34FCC60075611F /* UserSatate.swift in Sources */,
				02E0EFBA1F43C97D00CE405A /* ChengePasswordViewController.swift in Sources */,
				02F4CC9E1F3B7310008312A6 /* UIColor.swift in Sources */,
				02A3A4731F3A22450048750E /* UIViewcontroller.swift in Sources */,
				02DAC0A21F4D02950063B08F /* EnterpriseViewViewController.swift in Sources */,
				02B5A21C1F670E07001CD113 /* preHomeCollectionViewCell.swift in Sources */,
				0279A4BE1F4F84700085030D /* ChildTableViewCell.swift in Sources */,
				02991C871F7ADD84006148EF /* Persmission.swift in Sources */,
				02B974D41F4660F900884A82 /* FileViewViewController.swift in Sources */,
				0238D2CF1F745D180009B1F0 /* loadingView.swift in Sources */,
				0272A3751F4E5BC1008D3287 /* EnterpriseCollectionViewCell.swift in Sources */,
				025EB9861F34F43F0075611F /* AppDelegate.swift in Sources */,
				02AB81BB1F7066300081FE5E /* RerportTableViewCell.swift in Sources */,
				025EB9AC1F350A730075611F /* Business.swift in Sources */,
				025EB9A21F34FC4D0075611F /* UserActions.swift in Sources */,
				02C0582E1F82AF1D0022186A /* EnterpriseHeader.swift in Sources */,
				025EB9B01F354B740075611F /* UserService.swift in Sources */,
				0238D2CE1F745D180009B1F0 /* UIImageView.swift in Sources */,
				02E7AB211F3D3BBD0037B7D1 /* DateFormatter.swift in Sources */,
				025EB9A01F34FBF10075611F /* AppReducer.swift in Sources */,
				024CAFF01F8D3A63008D2922 /* weekState.swift in Sources */,
				02BE44C91F8E9B61002D3578 /* LibraryViewController.swift in Sources */,
				027FE2261F3CF151005C6FF8 /* Report.swift in Sources */,
				02D4AE1B1F71F48700623406 /* SearchFooter.swift in Sources */,
				02F4CC9A1F3B6F16008312A6 /* BusinessTableViewCell.swift in Sources */,
				027D911E1F393D37007AB6D2 /* ProfileViewController.swift in Sources */,
				02C058361F82CD770022186A /* TitleHeader.swift in Sources */,
				025EB9AE1F35464F0075611F /* Constants.swift in Sources */,
				02D4AE191F71E13300623406 /* EnterprisesTableViewController.swift in Sources */,
				027FE2281F3CFB54005C6FF8 /* RerpotService.swift in Sources */,
				021B230F1F85585F00285E4A /* FilesTableViewController.swift in Sources */,
				0272A3731F4E4BFB008D3287 /* EnterpriseCollectionViewController.swift in Sources */,
				027D911A1F3907A8007AB6D2 /* AuthService.swift in Sources */,
				02BE44C41F8E86CF002D3578 /* String.swift in Sources */,
				02E7AB191F3D1EE50037B7D1 /* ReportActions.swift in Sources */,
			);
			runOnlyForDeploymentPostprocessing = 0;
		};
/* End PBXSourcesBuildPhase section */

/* Begin PBXVariantGroup section */
		025EB9891F34F43F0075611F /* Main.storyboard */ = {
			isa = PBXVariantGroup;
			children = (
				025EB98A1F34F43F0075611F /* Base */,
			);
			name = Main.storyboard;
			sourceTree = "<group>";
		};
		025EB98E1F34F43F0075611F /* LaunchScreen.storyboard */ = {
			isa = PBXVariantGroup;
			children = (
				025EB98F1F34F43F0075611F /* Base */,
			);
			name = LaunchScreen.storyboard;
			sourceTree = "<group>";
		};
/* End PBXVariantGroup section */

/* Begin XCBuildConfiguration section */
		025EB9921F34F43F0075611F /* Debug */ = {
			isa = XCBuildConfiguration;
			buildSettings = {
				ALWAYS_SEARCH_USER_PATHS = NO;
				CLANG_ANALYZER_NONNULL = YES;
				CLANG_ANALYZER_NUMBER_OBJECT_CONVERSION = YES_AGGRESSIVE;
				CLANG_CXX_LANGUAGE_STANDARD = "gnu++0x";
				CLANG_CXX_LIBRARY = "libc++";
				CLANG_ENABLE_MODULES = YES;
				CLANG_ENABLE_OBJC_ARC = YES;
				CLANG_WARN_BLOCK_CAPTURE_AUTORELEASING = YES;
				CLANG_WARN_BOOL_CONVERSION = YES;
				CLANG_WARN_COMMA = YES;
				CLANG_WARN_CONSTANT_CONVERSION = YES;
				CLANG_WARN_DIRECT_OBJC_ISA_USAGE = YES_ERROR;
				CLANG_WARN_DOCUMENTATION_COMMENTS = YES;
				CLANG_WARN_EMPTY_BODY = YES;
				CLANG_WARN_ENUM_CONVERSION = YES;
				CLANG_WARN_INFINITE_RECURSION = YES;
				CLANG_WARN_INT_CONVERSION = YES;
				CLANG_WARN_NON_LITERAL_NULL_CONVERSION = YES;
				CLANG_WARN_OBJC_LITERAL_CONVERSION = YES;
				CLANG_WARN_OBJC_ROOT_CLASS = YES_ERROR;
				CLANG_WARN_RANGE_LOOP_ANALYSIS = YES;
				CLANG_WARN_STRICT_PROTOTYPES = YES;
				CLANG_WARN_SUSPICIOUS_MOVE = YES;
				CLANG_WARN_UNREACHABLE_CODE = YES;
				CLANG_WARN__DUPLICATE_METHOD_MATCH = YES;
				"CODE_SIGN_IDENTITY[sdk=iphoneos*]" = "iPhone Developer";
				COPY_PHASE_STRIP = NO;
				DEBUG_INFORMATION_FORMAT = dwarf;
				ENABLE_STRICT_OBJC_MSGSEND = YES;
				ENABLE_TESTABILITY = YES;
				GCC_C_LANGUAGE_STANDARD = gnu99;
				GCC_DYNAMIC_NO_PIC = NO;
				GCC_NO_COMMON_BLOCKS = YES;
				GCC_OPTIMIZATION_LEVEL = 0;
				GCC_PREPROCESSOR_DEFINITIONS = (
					"DEBUG=1",
					"$(inherited)",
				);
				GCC_WARN_64_TO_32_BIT_CONVERSION = YES;
				GCC_WARN_ABOUT_RETURN_TYPE = YES_ERROR;
				GCC_WARN_UNDECLARED_SELECTOR = YES;
				GCC_WARN_UNINITIALIZED_AUTOS = YES_AGGRESSIVE;
				GCC_WARN_UNUSED_FUNCTION = YES;
				GCC_WARN_UNUSED_VARIABLE = YES;
				IPHONEOS_DEPLOYMENT_TARGET = 11.0;
				MTL_ENABLE_DEBUG_INFO = YES;
				ONLY_ACTIVE_ARCH = YES;
				SDKROOT = iphoneos;
				SWIFT_ACTIVE_COMPILATION_CONDITIONS = DEBUG;
				SWIFT_OPTIMIZATION_LEVEL = "-Onone";
			};
			name = Debug;
		};
		025EB9931F34F43F0075611F /* Release */ = {
			isa = XCBuildConfiguration;
			buildSettings = {
				ALWAYS_SEARCH_USER_PATHS = NO;
				CLANG_ANALYZER_NONNULL = YES;
				CLANG_ANALYZER_NUMBER_OBJECT_CONVERSION = YES_AGGRESSIVE;
				CLANG_CXX_LANGUAGE_STANDARD = "gnu++0x";
				CLANG_CXX_LIBRARY = "libc++";
				CLANG_ENABLE_MODULES = YES;
				CLANG_ENABLE_OBJC_ARC = YES;
				CLANG_WARN_BLOCK_CAPTURE_AUTORELEASING = YES;
				CLANG_WARN_BOOL_CONVERSION = YES;
				CLANG_WARN_COMMA = YES;
				CLANG_WARN_CONSTANT_CONVERSION = YES;
				CLANG_WARN_DIRECT_OBJC_ISA_USAGE = YES_ERROR;
				CLANG_WARN_DOCUMENTATION_COMMENTS = YES;
				CLANG_WARN_EMPTY_BODY = YES;
				CLANG_WARN_ENUM_CONVERSION = YES;
				CLANG_WARN_INFINITE_RECURSION = YES;
				CLANG_WARN_INT_CONVERSION = YES;
				CLANG_WARN_NON_LITERAL_NULL_CONVERSION = YES;
				CLANG_WARN_OBJC_LITERAL_CONVERSION = YES;
				CLANG_WARN_OBJC_ROOT_CLASS = YES_ERROR;
				CLANG_WARN_RANGE_LOOP_ANALYSIS = YES;
				CLANG_WARN_STRICT_PROTOTYPES = YES;
				CLANG_WARN_SUSPICIOUS_MOVE = YES;
				CLANG_WARN_UNREACHABLE_CODE = YES;
				CLANG_WARN__DUPLICATE_METHOD_MATCH = YES;
				"CODE_SIGN_IDENTITY[sdk=iphoneos*]" = "iPhone Developer";
				COPY_PHASE_STRIP = NO;
				DEBUG_INFORMATION_FORMAT = "dwarf-with-dsym";
				ENABLE_NS_ASSERTIONS = NO;
				ENABLE_STRICT_OBJC_MSGSEND = YES;
				GCC_C_LANGUAGE_STANDARD = gnu99;
				GCC_NO_COMMON_BLOCKS = YES;
				GCC_WARN_64_TO_32_BIT_CONVERSION = YES;
				GCC_WARN_ABOUT_RETURN_TYPE = YES_ERROR;
				GCC_WARN_UNDECLARED_SELECTOR = YES;
				GCC_WARN_UNINITIALIZED_AUTOS = YES_AGGRESSIVE;
				GCC_WARN_UNUSED_FUNCTION = YES;
				GCC_WARN_UNUSED_VARIABLE = YES;
				IPHONEOS_DEPLOYMENT_TARGET = 11.0;
				MTL_ENABLE_DEBUG_INFO = NO;
				SDKROOT = iphoneos;
				SWIFT_OPTIMIZATION_LEVEL = "-Owholemodule";
				VALIDATE_PRODUCT = YES;
			};
			name = Release;
		};
		025EB9951F34F43F0075611F /* Debug */ = {
			isa = XCBuildConfiguration;
			baseConfigurationReference = CA39A3E619D51EC5D71E43CA /* Pods-dees.debug.xcconfig */;
			buildSettings = {
				ASSETCATALOG_COMPILER_APPICON_NAME = AppIcon;
				CODE_SIGN_ENTITLEMENTS = dees/dees.entitlements;
				"CODE_SIGN_IDENTITY[sdk=iphoneos*]" = "iPhone Developer";
				CODE_SIGN_STYLE = Automatic;
				DEVELOPMENT_TEAM = XSFS8X2N87;
				INFOPLIST_FILE = dees/Info.plist;
				IPHONEOS_DEPLOYMENT_TARGET = 11.0;
				LD_RUNPATH_SEARCH_PATHS = "$(inherited) @executable_path/Frameworks";
				PRODUCT_BUNDLE_IDENTIFIER = res.app;
				PRODUCT_NAME = "$(TARGET_NAME)";
				PROVISIONING_PROFILE = "";
				PROVISIONING_PROFILE_SPECIFIER = "";
				SWIFT_SWIFT3_OBJC_INFERENCE = On;
				SWIFT_VERSION = 4.0;
			};
			name = Debug;
		};
		025EB9961F34F43F0075611F /* Release */ = {
			isa = XCBuildConfiguration;
			baseConfigurationReference = 577EF8040DFD0CDF2752B261 /* Pods-dees.release.xcconfig */;
			buildSettings = {
				ASSETCATALOG_COMPILER_APPICON_NAME = AppIcon;
				CODE_SIGN_ENTITLEMENTS = dees/dees.entitlements;
				"CODE_SIGN_IDENTITY[sdk=iphoneos*]" = "iPhone Developer";
				CODE_SIGN_STYLE = Automatic;
				DEVELOPMENT_TEAM = XSFS8X2N87;
				INFOPLIST_FILE = dees/Info.plist;
				IPHONEOS_DEPLOYMENT_TARGET = 11.0;
				LD_RUNPATH_SEARCH_PATHS = "$(inherited) @executable_path/Frameworks";
				PRODUCT_BUNDLE_IDENTIFIER = res.app;
				PRODUCT_NAME = "$(TARGET_NAME)";
				PROVISIONING_PROFILE_SPECIFIER = "";
				SWIFT_SWIFT3_OBJC_INFERENCE = On;
				SWIFT_VERSION = 4.0;
			};
			name = Release;
		};
/* End XCBuildConfiguration section */

/* Begin XCConfigurationList section */
		025EB97D1F34F43F0075611F /* Build configuration list for PBXProject "dees" */ = {
			isa = XCConfigurationList;
			buildConfigurations = (
				025EB9921F34F43F0075611F /* Debug */,
				025EB9931F34F43F0075611F /* Release */,
			);
			defaultConfigurationIsVisible = 0;
			defaultConfigurationName = Release;
		};
		025EB9941F34F43F0075611F /* Build configuration list for PBXNativeTarget "dees" */ = {
			isa = XCConfigurationList;
			buildConfigurations = (
				025EB9951F34F43F0075611F /* Debug */,
				025EB9961F34F43F0075611F /* Release */,
			);
			defaultConfigurationIsVisible = 0;
			defaultConfigurationName = Release;
		};
/* End XCConfigurationList section */
	};
	rootObject = 025EB97A1F34F43F0075611F /* Project object */;
}
